
Microsoft Visual Studio Solution File, Format Version 12.00
# Visual Studio Version 17
VisualStudioVersion = 17.5.33530.505
MinimumVisualStudioVersion = 10.0.40219.1
Project("{FAE04EC0-301F-11D3-BF4B-00C04F79EFBC}") = "SqlExpenseTracker", "SqlExpenseTracker.csproj", "{337ED16B-82F7-46B2-8F48-B2CE21D7CC36}"
EndProject
Global
	GlobalSection(SolutionConfigurationPlatforms) = preSolution
		Debug|Any CPU = Debug|Any CPU
		Release|Any CPU = Release|Any CPU
	EndGlobalSection
	GlobalSection(ProjectConfigurationPlatforms) = postSolution
		{337ED16B-82F7-46B2-8F48-B2CE21D7CC36}.Debug|Any CPU.ActiveCfg = Debug|Any CPU
		{337ED16B-82F7-46B2-8F48-B2CE21D7CC36}.Debug|Any CPU.Build.0 = Debug|Any CPU
		{337ED16B-82F7-46B2-8F48-B2CE21D7CC36}.Release|Any CPU.ActiveCfg = Release|Any CPU
		{337ED16B-82F7-46B2-8F48-B2CE21D7CC36}.Release|Any CPU.Build.0 = Release|Any CPU
	EndGlobalSection
	GlobalSection(SolutionProperties) = preSolution
		HideSolutionNode = FALSE
	EndGlobalSection
	GlobalSection(ExtensibilityGlobals) = postSolution
		SolutionGuid = {9B5EEF4C-946B-42C0-8227-DD247C6EAB25}
	EndGlobalSection
EndGlobal
